
Microsoft Visual Studio Solution File, Format Version 12.00
# Visual Studio Version 17
VisualStudioVersion = 17.13.35806.99
MinimumVisualStudioVersion = 10.0.40219.1
Project("{2150E333-8FDC-42A3-9474-1A3956D46DE8}") = "Services", "Services", "{02EA681E-C7D8-13C7-8484-4AC65E1B71E8}"
EndProject
Project("{2150E333-8FDC-42A3-9474-1A3956D46DE8}") = "Catalog", "Catalog", "{985D7BA2-8880-4FFB-8EA6-45A328D55EFD}"
EndProject
Project("{FAE04EC0-301F-11D3-BF4B-00C04F79EFBC}") = "ZCommerce.Catalog", "Services\Catalog\XCommerce.Catalog\ZCommerce.Catalog.csproj", "{E61B1B13-B163-455C-A10F-ADF2F475AD3D}"
EndProject
Project("{2150E333-8FDC-42A3-9474-1A3956D46DE8}") = "Discount", "Discount", "{33DFE607-39BF-4C7A-BDE2-CAE7A6C572A9}"
EndProject
Project("{FAE04EC0-301F-11D3-BF4B-00C04F79EFBC}") = "ZCommerce.Discount", "Services\Discount\ZCommerce.Discount\ZCommerce.Discount.csproj", "{C4D31144-B66D-4ACB-A3FA-C98CC5E22AE7}"
EndProject
Project("{2150E333-8FDC-42A3-9474-1A3956D46DE8}") = "Order", "Order", "{EEBC973E-768C-4E43-BE9A-4F01B5E548AC}"
EndProject
Project("{2150E333-8FDC-42A3-9474-1A3956D46DE8}") = "Core", "Core", "{C70CD0DA-7FC9-4344-9FD5-F3F3394C6C81}"
EndProject
Project("{2150E333-8FDC-42A3-9474-1A3956D46DE8}") = "Infrasturcture", "Infrasturcture", "{6488688A-8411-4F14-A7EC-BAA6191DC1B4}"
EndProject
Project("{2150E333-8FDC-42A3-9474-1A3956D46DE8}") = "Presentation", "Presentation", "{4A7AED84-F722-4742-91FC-A1DADD190E60}"
EndProject
Project("{FAE04EC0-301F-11D3-BF4B-00C04F79EFBC}") = "ZCommerce.Order.Domain", "Services\Order\Core\ZCommerce.Order.Domain\ZCommerce.Order.Domain.csproj", "{3DD3C257-C313-4132-8BD4-BE4E984CFDFF}"
EndProject
Project("{FAE04EC0-301F-11D3-BF4B-00C04F79EFBC}") = "ZCommerce.Order.Application", "Services\Order\Core\ZCommerce.Order.Application\ZCommerce.Order.Application.csproj", "{8D8FB14A-01D0-4144-BC9E-68CD0E73B14A}"
EndProject
Project("{FAE04EC0-301F-11D3-BF4B-00C04F79EFBC}") = "ZCommerce.Order.Persistence", "Services\Order\Infrastructure\ZCommerce.Order.Persistence\ZCommerce.Order.Persistence.csproj", "{5BA9EA14-B39A-49A0-B514-6D207BF30549}"
EndProject
Project("{FAE04EC0-301F-11D3-BF4B-00C04F79EFBC}") = "ZCommerce.Order.WebAPI", "Services\Order\Presentation\ZCommerce.Order.WebAPI\ZCommerce.Order.WebAPI.csproj", "{09D3783E-0827-48C6-9311-20FB166A1874}"
EndProject
Project("{2150E333-8FDC-42A3-9474-1A3956D46DE8}") = "BuildingBlocks", "BuildingBlocks", "{A5F9F284-A5FD-4EF3-B3EB-63F4D2E39AFB}"
EndProject
Project("{FAE04EC0-301F-11D3-BF4B-00C04F79EFBC}") = "ZCommerce.Shared", "ZCommerce.Shared\ZCommerce.Shared.csproj", "{EAB2925F-6441-4108-B202-5C16F2D8FCA4}"
EndProject
Project("{FAE04EC0-301F-11D3-BF4B-00C04F79EFBC}") = "ZCommerce.Order.Infrastructure", "Services\Order\Infrastructure\ZCommerce.Infrastructure\ZCommerce.Order.Infrastructure.csproj", "{01BF7011-2398-473F-A8C6-DBB8DFBE047D}"
EndProject
Global
	GlobalSection(SolutionConfigurationPlatforms) = preSolution
		Debug|Any CPU = Debug|Any CPU
		Release|Any CPU = Release|Any CPU
	EndGlobalSection
	GlobalSection(ProjectConfigurationPlatforms) = postSolution
		{E61B1B13-B163-455C-A10F-ADF2F475AD3D}.Debug|Any CPU.ActiveCfg = Debug|Any CPU
		{E61B1B13-B163-455C-A10F-ADF2F475AD3D}.Debug|Any CPU.Build.0 = Debug|Any CPU
		{E61B1B13-B163-455C-A10F-ADF2F475AD3D}.Release|Any CPU.ActiveCfg = Release|Any CPU
		{E61B1B13-B163-455C-A10F-ADF2F475AD3D}.Release|Any CPU.Build.0 = Release|Any CPU
		{C4D31144-B66D-4ACB-A3FA-C98CC5E22AE7}.Debug|Any CPU.ActiveCfg = Debug|Any CPU
		{C4D31144-B66D-4ACB-A3FA-C98CC5E22AE7}.Debug|Any CPU.Build.0 = Debug|Any CPU
		{C4D31144-B66D-4ACB-A3FA-C98CC5E22AE7}.Release|Any CPU.ActiveCfg = Release|Any CPU
		{C4D31144-B66D-4ACB-A3FA-C98CC5E22AE7}.Release|Any CPU.Build.0 = Release|Any CPU
		{3DD3C257-C313-4132-8BD4-BE4E984CFDFF}.Debug|Any CPU.ActiveCfg = Debug|Any CPU
		{3DD3C257-C313-4132-8BD4-BE4E984CFDFF}.Debug|Any CPU.Build.0 = Debug|Any CPU
		{3DD3C257-C313-4132-8BD4-BE4E984CFDFF}.Release|Any CPU.ActiveCfg = Release|Any CPU
		{3DD3C257-C313-4132-8BD4-BE4E984CFDFF}.Release|Any CPU.Build.0 = Release|Any CPU
		{8D8FB14A-01D0-4144-BC9E-68CD0E73B14A}.Debug|Any CPU.ActiveCfg = Debug|Any CPU
		{8D8FB14A-01D0-4144-BC9E-68CD0E73B14A}.Debug|Any CPU.Build.0 = Debug|Any CPU
		{8D8FB14A-01D0-4144-BC9E-68CD0E73B14A}.Release|Any CPU.ActiveCfg = Release|Any CPU
		{8D8FB14A-01D0-4144-BC9E-68CD0E73B14A}.Release|Any CPU.Build.0 = Release|Any CPU
		{5BA9EA14-B39A-49A0-B514-6D207BF30549}.Debug|Any CPU.ActiveCfg = Debug|Any CPU
		{5BA9EA14-B39A-49A0-B514-6D207BF30549}.Debug|Any CPU.Build.0 = Debug|Any CPU
		{5BA9EA14-B39A-49A0-B514-6D207BF30549}.Release|Any CPU.ActiveCfg = Release|Any CPU
		{5BA9EA14-B39A-49A0-B514-6D207BF30549}.Release|Any CPU.Build.0 = Release|Any CPU
		{09D3783E-0827-48C6-9311-20FB166A1874}.Debug|Any CPU.ActiveCfg = Debug|Any CPU
		{09D3783E-0827-48C6-9311-20FB166A1874}.Debug|Any CPU.Build.0 = Debug|Any CPU
		{09D3783E-0827-48C6-9311-20FB166A1874}.Release|Any CPU.ActiveCfg = Release|Any CPU
		{09D3783E-0827-48C6-9311-20FB166A1874}.Release|Any CPU.Build.0 = Release|Any CPU
		{EAB2925F-6441-4108-B202-5C16F2D8FCA4}.Debug|Any CPU.ActiveCfg = Debug|Any CPU
		{EAB2925F-6441-4108-B202-5C16F2D8FCA4}.Debug|Any CPU.Build.0 = Debug|Any CPU
		{EAB2925F-6441-4108-B202-5C16F2D8FCA4}.Release|Any CPU.ActiveCfg = Release|Any CPU
		{EAB2925F-6441-4108-B202-5C16F2D8FCA4}.Release|Any CPU.Build.0 = Release|Any CPU
		{01BF7011-2398-473F-A8C6-DBB8DFBE047D}.Debug|Any CPU.ActiveCfg = Debug|Any CPU
		{01BF7011-2398-473F-A8C6-DBB8DFBE047D}.Debug|Any CPU.Build.0 = Debug|Any CPU
		{01BF7011-2398-473F-A8C6-DBB8DFBE047D}.Release|Any CPU.ActiveCfg = Release|Any CPU
		{01BF7011-2398-473F-A8C6-DBB8DFBE047D}.Release|Any CPU.Build.0 = Release|Any CPU
	EndGlobalSection
	GlobalSection(SolutionProperties) = preSolution
		HideSolutionNode = FALSE
	EndGlobalSection
	GlobalSection(NestedProjects) = preSolution
		{985D7BA2-8880-4FFB-8EA6-45A328D55EFD} = {02EA681E-C7D8-13C7-8484-4AC65E1B71E8}
		{E61B1B13-B163-455C-A10F-ADF2F475AD3D} = {985D7BA2-8880-4FFB-8EA6-45A328D55EFD}
		{33DFE607-39BF-4C7A-BDE2-CAE7A6C572A9} = {02EA681E-C7D8-13C7-8484-4AC65E1B71E8}
		{C4D31144-B66D-4ACB-A3FA-C98CC5E22AE7} = {33DFE607-39BF-4C7A-BDE2-CAE7A6C572A9}
		{EEBC973E-768C-4E43-BE9A-4F01B5E548AC} = {02EA681E-C7D8-13C7-8484-4AC65E1B71E8}
		{C70CD0DA-7FC9-4344-9FD5-F3F3394C6C81} = {EEBC973E-768C-4E43-BE9A-4F01B5E548AC}
		{6488688A-8411-4F14-A7EC-BAA6191DC1B4} = {EEBC973E-768C-4E43-BE9A-4F01B5E548AC}
		{4A7AED84-F722-4742-91FC-A1DADD190E60} = {EEBC973E-768C-4E43-BE9A-4F01B5E548AC}
		{3DD3C257-C313-4132-8BD4-BE4E984CFDFF} = {C70CD0DA-7FC9-4344-9FD5-F3F3394C6C81}
		{8D8FB14A-01D0-4144-BC9E-68CD0E73B14A} = {C70CD0DA-7FC9-4344-9FD5-F3F3394C6C81}
		{5BA9EA14-B39A-49A0-B514-6D207BF30549} = {6488688A-8411-4F14-A7EC-BAA6191DC1B4}
		{09D3783E-0827-48C6-9311-20FB166A1874} = {4A7AED84-F722-4742-91FC-A1DADD190E60}
		{EAB2925F-6441-4108-B202-5C16F2D8FCA4} = {A5F9F284-A5FD-4EF3-B3EB-63F4D2E39AFB}
		{01BF7011-2398-473F-A8C6-DBB8DFBE047D} = {6488688A-8411-4F14-A7EC-BAA6191DC1B4}
	EndGlobalSection
	GlobalSection(ExtensibilityGlobals) = postSolution
		SolutionGuid = {C4BA02E5-E6A9-4A2A-AF3B-331670FA36A2}
	EndGlobalSection
EndGlobal
